// !$*UTF8*$!
{
	archiveVersion = 1;
	classes = {
	};
	objectVersion = 55;
	objects = {

/* Begin PBXFileReference section */
		EC8C3BB1286276AF005E667E /* postoffice */ = {isa = PBXFileReference; lastKnownFileType = folder; name = postoffice; path = ../../Projects/postoffice; sourceTree = "<group>"; };
/* End PBXFileReference section */

/* Begin PBXGroup section */
		EC8C3BAA28627695005E667E = {
			isa = PBXGroup;
			children = (
				EC8C3BB1286276AF005E667E /* postoffice */,
			);
			sourceTree = "<group>";
		};
/* End PBXGroup section */

/* Begin PBXProject section */
		EC8C3BAB28627695005E667E /* Project object */ = {
			isa = PBXProject;
			attributes = {
				BuildIndependentTargetsInParallel = 1;
				LastUpgradeCheck = 1340;
			};
			buildConfigurationList = EC8C3BAE28627695005E667E /* Build configuration list for PBXProject "postoffice" */;
			compatibilityVersion = "Xcode 13.0";
			developmentRegion = en;
			hasScannedForEncodings = 0;
			knownRegions = (
				en,
				Base,
			);
			mainGroup = EC8C3BAA28627695005E667E;
			projectDirPath = "";
			projectRoot = "";
			targets = (
			);
		};
/* End PBXProject section */

/* Begin XCBuildConfiguration section */
		EC8C3BAF28627695005E667E /* Debug */ = {
			isa = XCBuildConfiguration;
			buildSettings = {
			};
			name = Debug;
		};
		EC8C3BB028627695005E667E /* Release */ = {
			isa = XCBuildConfiguration;
			buildSettings = {
			};
			name = Release;
		};
/* End XCBuildConfiguration section */

/* Begin XCConfigurationList section */
		EC8C3BAE28627695005E667E /* Build configuration list for PBXProject "postoffice" */ = {
			isa = XCConfigurationList;
			buildConfigurations = (
				EC8C3BAF28627695005E667E /* Debug */,
				EC8C3BB028627695005E667E /* Release */,
			);
			defaultConfigurationIsVisible = 0;
			defaultConfigurationName = Release;
		};
/* End XCConfigurationList section */
	};
	rootObject = EC8C3BAB28627695005E667E /* Project object */;
}
